{
  "name": "atom-alopex",
  "version": "1.2.28",
  "lockfileVersion": 1,
  "requires": true,
  "dependencies": {
    "StringScanner": {
      "version": "https://registry.npmjs.org/StringScanner/-/StringScanner-0.0.3.tgz",
      "integrity": "sha1-vwbs/ckARnEfTmF1VJJDt4zrOKo="
    },
    "abbrev": {
      "version": "https://registry.npmjs.org/abbrev/-/abbrev-1.1.0.tgz",
      "integrity": "sha1-0FVMIlZjbi9W58LlrRg/hZQo2B8="
    },
    "amdefine": {
      "version": "https://registry.npmjs.org/amdefine/-/amdefine-1.0.1.tgz",
      "integrity": "sha1-SlKCrBZHKek2Gbz9OtFR+BfOkfU=",
      "optional": true
    },
    "async": {
      "version": "https://registry.npmjs.org/async/-/async-1.5.2.tgz",
      "integrity": "sha1-7GphrlZIDAw8skHJVhjiCJL5Zyo="
    },
    "atom-package-deps": {
      "version": "https://registry.npmjs.org/atom-package-deps/-/atom-package-deps-4.6.0.tgz",
      "integrity": "sha1-u4PwqXZWO0i+TquJ58hjHD7shI0=",
      "requires": {
        "atom-package-path": "https://registry.npmjs.org/atom-package-path/-/atom-package-path-1.1.0.tgz",
        "sb-exec": "https://registry.npmjs.org/sb-exec/-/sb-exec-3.1.0.tgz",
        "sb-fs": "https://registry.npmjs.org/sb-fs/-/sb-fs-3.0.0.tgz",
        "semver": "https://registry.npmjs.org/semver/-/semver-5.3.0.tgz"
      }
    },
    "atom-package-path": {
      "version": "https://registry.npmjs.org/atom-package-path/-/atom-package-path-1.1.0.tgz",
      "integrity": "sha1-tR/tvADnyM5SI9DYA9t6P09pYU8=",
      "requires": {
        "sb-callsite": "https://registry.npmjs.org/sb-callsite/-/sb-callsite-1.1.2.tgz"
      }
    },
    "balanced-match": {
      "version": "https://registry.npmjs.org/balanced-match/-/balanced-match-1.0.0.tgz",
      "integrity": "sha1-ibTRmasr7kneFk6gK4nORi1xt2c="
    },
    "brace-expansion": {
      "version": "https://registry.npmjs.org/brace-expansion/-/brace-expansion-1.1.8.tgz",
      "integrity": "sha1-wHshHHyVLsH479Uad+8NHTmQopI=",
      "requires": {
        "balanced-match": "https://registry.npmjs.org/balanced-match/-/balanced-match-1.0.0.tgz",
        "concat-map": "https://registry.npmjs.org/concat-map/-/concat-map-0.0.1.tgz"
      }
    },
    "browser-split": {
      "version": "https://registry.npmjs.org/browser-split/-/browser-split-0.0.1.tgz",
      "integrity": "sha1-ewl1dPjj6tYG+0Zk5krf3aKYGpM="
    },
    "camelize": {
      "version": "https://registry.npmjs.org/camelize/-/camelize-1.0.0.tgz",
      "integrity": "sha1-FkpUg+Yw+kMh5a8HAg5TGDGyYJs="
    },
    "coffee-script-redux": {
      "version": "https://registry.npmjs.org/coffee-script-redux/-/coffee-script-redux-2.0.0-beta8.tgz",
      "integrity": "sha1-D9e4QXNA3Q0zno9v2LS4cWlW6NU=",
      "requires": {
        "StringScanner": "https://registry.npmjs.org/StringScanner/-/StringScanner-0.0.3.tgz",
        "cscodegen": "git://github.com/michaelficarra/cscodegen.git#73fd7202ac086c26f18c9d56f025b18b3c6f5383",
        "escodegen": "https://registry.npmjs.org/escodegen/-/escodegen-0.0.28.tgz",
        "esmangle": "https://registry.npmjs.org/esmangle/-/esmangle-0.0.17.tgz",
        "nopt": "https://registry.npmjs.org/nopt/-/nopt-2.1.2.tgz",
        "source-map": "https://registry.npmjs.org/source-map/-/source-map-0.1.11.tgz"
      }
    },
    "concat-map": {
      "version": "https://registry.npmjs.org/concat-map/-/concat-map-0.0.1.tgz",
      "integrity": "sha1-2Klr13/Wjfd5OnMDajug1UBdR3s="
    },
    "concat-stream": {
      "version": "https://registry.npmjs.org/concat-stream/-/concat-stream-1.5.0.tgz",
      "integrity": "sha1-U/fUPFHF5D+ByP3QMyHGMb5o1hE=",
      "requires": {
        "inherits": "https://registry.npmjs.org/inherits/-/inherits-2.0.3.tgz",
        "readable-stream": "https://registry.npmjs.org/readable-stream/-/readable-stream-2.0.6.tgz",
        "typedarray": "https://registry.npmjs.org/typedarray/-/typedarray-0.0.6.tgz"
      }
    },
    "consistent-env": {
      "version": "https://registry.npmjs.org/consistent-env/-/consistent-env-1.3.1.tgz",
      "integrity": "sha1-9oI018afxt2WVviuI0Kc4EmbZfs=",
      "requires": {
        "lodash.uniq": "https://registry.npmjs.org/lodash.uniq/-/lodash.uniq-4.5.0.tgz"
      }
    },
    "core-util-is": {
      "version": "https://registry.npmjs.org/core-util-is/-/core-util-is-1.0.2.tgz",
      "integrity": "sha1-tf1UIgqivFq1eqtxQMlAdUUDwac="
    },
    "cscodegen": {
      "version": "git://github.com/michaelficarra/cscodegen.git#73fd7202ac086c26f18c9d56f025b18b3c6f5383",
      "optional": true
    },
    "cson-safe": {
      "version": "https://registry.npmjs.org/cson-safe/-/cson-safe-0.1.1.tgz",
      "integrity": "sha1-XFa4BC2UhCqTIg+mWn81f83gwnM=",
      "requires": {
        "coffee-script-redux": "https://registry.npmjs.org/coffee-script-redux/-/coffee-script-redux-2.0.0-beta8.tgz"
      }
    },
    "debug": {
      "version": "https://registry.npmjs.org/debug/-/debug-0.7.4.tgz",
      "integrity": "sha1-BuHqgILCyxTjmAbiLi9vdX+Srzk="
    },
    "dom-walk": {
      "version": "https://registry.npmjs.org/dom-walk/-/dom-walk-0.1.1.tgz",
      "integrity": "sha1-ZyIm3HTI95mtNTB9+TaroRrNYBg="
    },
    "error": {
      "version": "https://registry.npmjs.org/error/-/error-4.4.0.tgz",
      "integrity": "sha1-v2n/JR+0onnBmtzNqmth6Q2b8So=",
      "requires": {
        "camelize": "https://registry.npmjs.org/camelize/-/camelize-1.0.0.tgz",
        "string-template": "https://registry.npmjs.org/string-template/-/string-template-0.2.1.tgz",
        "xtend": "https://registry.npmjs.org/xtend/-/xtend-4.0.1.tgz"
      }
    },
    "escodegen": {
      "version": "https://registry.npmjs.org/escodegen/-/escodegen-0.0.28.tgz",
      "integrity": "sha1-Dk/xcV8yh3XWyrUaxEpAbNer/9M=",
      "optional": true,
      "requires": {
        "esprima": "https://registry.npmjs.org/esprima/-/esprima-1.0.4.tgz",
        "estraverse": "https://registry.npmjs.org/estraverse/-/estraverse-1.3.2.tgz",
        "source-map": "https://registry.npmjs.org/source-map/-/source-map-0.1.11.tgz"
      }
    },
    "escope": {
      "version": "https://registry.npmjs.org/escope/-/escope-1.0.3.tgz",
      "integrity": "sha1-dZ3OhJbEJI/sLQyq9BCLzz8af10=",
      "requires": {
        "estraverse": "https://registry.npmjs.org/estraverse/-/estraverse-2.0.0.tgz"
      },
      "dependencies": {
        "estraverse": {
          "version": "https://registry.npmjs.org/estraverse/-/estraverse-2.0.0.tgz",
          "integrity": "sha1-WuRpYyQ2ACBmdMyySgnhZnT83KE="
        }
      }
    },
    "esmangle": {
      "version": "https://registry.npmjs.org/esmangle/-/esmangle-0.0.17.tgz",
      "integrity": "sha1-TFyTYHzeXRJ2utOW6DYinbpo2Qw=",
      "optional": true,
      "requires": {
        "escodegen": "https://registry.npmjs.org/escodegen/-/escodegen-0.0.28.tgz",
        "escope": "https://registry.npmjs.org/escope/-/escope-1.0.3.tgz",
        "esprima": "https://registry.npmjs.org/esprima/-/esprima-1.0.4.tgz",
        "esshorten": "https://registry.npmjs.org/esshorten/-/esshorten-0.0.2.tgz",
        "estraverse": "https://registry.npmjs.org/estraverse/-/estraverse-1.3.2.tgz",
        "optimist": "https://registry.npmjs.org/optimist/-/optimist-0.4.0.tgz",
        "source-map": "https://registry.npmjs.org/source-map/-/source-map-0.1.11.tgz"
      }
    },
    "esprima": {
      "version": "https://registry.npmjs.org/esprima/-/esprima-1.0.4.tgz",
      "integrity": "sha1-n1V+CPw7TSbs6d00+Pv0drYlha0="
    },
    "esshorten": {
      "version": "https://registry.npmjs.org/esshorten/-/esshorten-0.0.2.tgz",
      "integrity": "sha1-KKZS8e/UDI4if4xt59vmtWDugSk=",
      "optional": true,
      "requires": {
        "escope": "https://registry.npmjs.org/escope/-/escope-1.0.3.tgz",
        "estraverse": "https://registry.npmjs.org/estraverse/-/estraverse-1.2.0.tgz"
      },
      "dependencies": {
        "estraverse": {
          "version": "https://registry.npmjs.org/estraverse/-/estraverse-1.2.0.tgz",
          "integrity": "sha1-aj3IpGpdZ2blZoY5/Hgpds5WYP0=",
          "optional": true
        }
      }
    },
    "estraverse": {
      "version": "https://registry.npmjs.org/estraverse/-/estraverse-1.3.2.tgz",
      "integrity": "sha1-N8K4k+8T1yPydth41g2FNRUqbEI="
    },
    "etch": {
      "version": "https://registry.npmjs.org/etch/-/etch-0.6.3.tgz",
      "integrity": "sha1-jJH+ArHaCHY117qq/I7gIcep5OU=",
      "requires": {
        "virtual-dom": "https://registry.npmjs.org/virtual-dom/-/virtual-dom-2.1.1.tgz"
      }
    },
    "ev-store": {
      "version": "https://registry.npmjs.org/ev-store/-/ev-store-7.0.0.tgz",
      "integrity": "sha1-GrDH+CE2UF3XSzHRdwHLK+bSZVg=",
      "requires": {
        "individual": "https://registry.npmjs.org/individual/-/individual-3.0.0.tgz"
      }
    },
    "extract-zip": {
      "version": "https://registry.npmjs.org/extract-zip/-/extract-zip-1.6.0.tgz",
      "integrity": "sha1-f0AMlgfqhm7Kt6ptVPuXjusRYho=",
      "requires": {
        "concat-stream": "https://registry.npmjs.org/concat-stream/-/concat-stream-1.5.0.tgz",
        "debug": "https://registry.npmjs.org/debug/-/debug-0.7.4.tgz",
        "mkdirp": "https://registry.npmjs.org/mkdirp/-/mkdirp-0.5.0.tgz",
        "yauzl": "https://registry.npmjs.org/yauzl/-/yauzl-2.4.1.tgz"
      }
    },
    "fd-slicer": {
      "version": "https://registry.npmjs.org/fd-slicer/-/fd-slicer-1.0.1.tgz",
      "integrity": "sha1-i1vL2ewyfFBBv5qwI/1nUPEXfmU=",
      "requires": {
        "pend": "https://registry.npmjs.org/pend/-/pend-1.2.0.tgz"
      }
    },
    "fs-plus": {
      "version": "https://registry.npmjs.org/fs-plus/-/fs-plus-2.10.1.tgz",
      "integrity": "sha1-MgR4HXhAYR5jZOe2+wWMljJ8WqU=",
      "requires": {
        "async": "https://registry.npmjs.org/async/-/async-1.5.2.tgz",
        "mkdirp": "https://registry.npmjs.org/mkdirp/-/mkdirp-0.5.1.tgz",
        "rimraf": "https://registry.npmjs.org/rimraf/-/rimraf-2.6.1.tgz",
        "underscore-plus": "https://registry.npmjs.org/underscore-plus/-/underscore-plus-1.6.6.tgz"
      },
      "dependencies": {
        "mkdirp": {
          "version": "https://registry.npmjs.org/mkdirp/-/mkdirp-0.5.1.tgz",
          "integrity": "sha1-MAV0OOrGz3+MR2fzhkjWaX11yQM=",
          "requires": {
            "minimist": "https://registry.npmjs.org/minimist/-/minimist-0.0.8.tgz"
          }
        }
      }
    },
    "fs.realpath": {
      "version": "https://registry.npmjs.org/fs.realpath/-/fs.realpath-1.0.0.tgz",
      "integrity": "sha1-FQStJSMVjKpA20onh8sBQRmU6k8="
    },
    "fuzzaldrin": {
      "version": "https://registry.npmjs.org/fuzzaldrin/-/fuzzaldrin-2.1.0.tgz",
      "integrity": "sha1-kCBMPi/appQbso0WZF1BgGOpDps="
    },
    "glob": {
      "version": "https://registry.npmjs.org/glob/-/glob-7.1.2.tgz",
      "integrity": "sha1-wZyd+aAocC1nhhI4SmVSQExjbRU=",
      "requires": {
        "fs.realpath": "https://registry.npmjs.org/fs.realpath/-/fs.realpath-1.0.0.tgz",
        "inflight": "https://registry.npmjs.org/inflight/-/inflight-1.0.6.tgz",
        "inherits": "https://registry.npmjs.org/inherits/-/inherits-2.0.3.tgz",
        "minimatch": "https://registry.npmjs.org/minimatch/-/minimatch-3.0.4.tgz",
        "once": "https://registry.npmjs.org/once/-/once-1.4.0.tgz",
        "path-is-absolute": "https://registry.npmjs.org/path-is-absolute/-/path-is-absolute-1.0.1.tgz"
      }
    },
    "global": {
      "version": "https://registry.npmjs.org/global/-/global-4.3.2.tgz",
      "integrity": "sha1-52mJJopsdMOJCLEwWxD8DjlOnQ8=",
      "requires": {
        "min-document": "https://registry.npmjs.org/min-document/-/min-document-2.19.0.tgz",
        "process": "https://registry.npmjs.org/process/-/process-0.5.2.tgz"
      }
    },
    "individual": {
      "version": "https://registry.npmjs.org/individual/-/individual-3.0.0.tgz",
      "integrity": "sha1-58pPhfiVewGHNPKFdQ3CLsL5hi0="
    },
    "inflight": {
      "version": "https://registry.npmjs.org/inflight/-/inflight-1.0.6.tgz",
      "integrity": "sha1-Sb1jMdfQLQwJvJEKEHW6gWW1bfk=",
      "requires": {
        "once": "https://registry.npmjs.org/once/-/once-1.4.0.tgz",
        "wrappy": "https://registry.npmjs.org/wrappy/-/wrappy-1.0.2.tgz"
      }
    },
    "inherits": {
      "version": "https://registry.npmjs.org/inherits/-/inherits-2.0.3.tgz",
      "integrity": "sha1-Yzwsg+PaQqUC9SRmAiSA9CCCYd4="
    },
    "is-object": {
      "version": "https://registry.npmjs.org/is-object/-/is-object-1.0.1.tgz",
      "integrity": "sha1-iVJojF7C/9awPsyF52ngKQMINHA="
    },
    "is-utf8": {
      "version": "https://registry.npmjs.org/is-utf8/-/is-utf8-0.2.1.tgz",
      "integrity": "sha1-Sw2hRCEE0bM2NA6AeX6GXPOffXI="
    },
    "isarray": {
      "version": "https://registry.npmjs.org/isarray/-/isarray-1.0.0.tgz",
      "integrity": "sha1-u5NdSFgsuhaMBoNJV6VKPgcSTxE="
    },
    "lodash.uniq": {
      "version": "https://registry.npmjs.org/lodash.uniq/-/lodash.uniq-4.5.0.tgz",
      "integrity": "sha1-0CJTc662Uq3BvILklFM5qEJ1R3M="
    },
    "min-document": {
      "version": "https://registry.npmjs.org/min-document/-/min-document-2.19.0.tgz",
      "integrity": "sha1-e9KC4/WELtKVu3SM3Z8f+iyCRoU=",
      "requires": {
        "dom-walk": "https://registry.npmjs.org/dom-walk/-/dom-walk-0.1.1.tgz"
      }
    },
    "minimatch": {
      "version": "https://registry.npmjs.org/minimatch/-/minimatch-3.0.4.tgz",
      "integrity": "sha1-UWbihkV/AzBgZL5Ul+jbsMPTIIM=",
      "requires": {
        "brace-expansion": "https://registry.npmjs.org/brace-expansion/-/brace-expansion-1.1.8.tgz"
      }
    },
    "minimist": {
      "version": "https://registry.npmjs.org/minimist/-/minimist-0.0.8.tgz",
      "integrity": "sha1-hX/Kv8M5fSYluCKCYuhqp6ARsF0="
    },
    "mkdirp": {
      "version": "https://registry.npmjs.org/mkdirp/-/mkdirp-0.5.0.tgz",
      "integrity": "sha1-HXMHam35hs2TROFecfzAWkyavxI=",
      "requires": {
        "minimist": "https://registry.npmjs.org/minimist/-/minimist-0.0.8.tgz"
      }
    },
    "next-tick": {
      "version": "https://registry.npmjs.org/next-tick/-/next-tick-0.2.2.tgz",
      "integrity": "sha1-ddpKkn7liH45BliABltzNkE7MQ0="
    },
    "nopt": {
      "version": "https://registry.npmjs.org/nopt/-/nopt-2.1.2.tgz",
      "integrity": "sha1-bMzZd7gBMqB3MdbozljCyDA8+a8=",
      "requires": {
        "abbrev": "https://registry.npmjs.org/abbrev/-/abbrev-1.1.0.tgz"
      }
    },
    "once": {
      "version": "https://registry.npmjs.org/once/-/once-1.4.0.tgz",
      "integrity": "sha1-WDsap3WWHUsROsF9nFC6753Xa9E=",
      "requires": {
        "wrappy": "https://registry.npmjs.org/wrappy/-/wrappy-1.0.2.tgz"
      }
    },
    "optimist": {
      "version": "https://registry.npmjs.org/optimist/-/optimist-0.4.0.tgz",
      "integrity": "sha1-y47Dfy/jqphky2eidSUOfhliCiU=",
      "requires": {
        "wordwrap": "https://registry.npmjs.org/wordwrap/-/wordwrap-0.0.3.tgz"
      }
    },
    "path-is-absolute": {
      "version": "https://registry.npmjs.org/path-is-absolute/-/path-is-absolute-1.0.1.tgz",
      "integrity": "sha1-F0uSaHNVNP+8es5r9TpanhtcX18="
    },
    "pend": {
      "version": "https://registry.npmjs.org/pend/-/pend-1.2.0.tgz",
      "integrity": "sha1-elfrVQpng/kRUzH89GY9XI4AelA="
    },
    "process": {
      "version": "https://registry.npmjs.org/process/-/process-0.5.2.tgz",
      "integrity": "sha1-FjjYqONML0QKkduVq5rrZ3/Bhc8="
    },
    "process-nextick-args": {
      "version": "https://registry.npmjs.org/process-nextick-args/-/process-nextick-args-1.0.7.tgz",
      "integrity": "sha1-FQ4gt1ZZCtP5EJPyWk8q2L/zC6M="
    },
    "readable-stream": {
      "version": "https://registry.npmjs.org/readable-stream/-/readable-stream-2.0.6.tgz",
      "integrity": "sha1-j5A0HmilPMySh4jaz80Rs265t44=",
      "requires": {
        "core-util-is": "https://registry.npmjs.org/core-util-is/-/core-util-is-1.0.2.tgz",
        "inherits": "https://registry.npmjs.org/inherits/-/inherits-2.0.3.tgz",
        "isarray": "https://registry.npmjs.org/isarray/-/isarray-1.0.0.tgz",
        "process-nextick-args": "https://registry.npmjs.org/process-nextick-args/-/process-nextick-args-1.0.7.tgz",
        "string_decoder": "https://registry.npmjs.org/string_decoder/-/string_decoder-0.10.31.tgz",
        "util-deprecate": "https://registry.npmjs.org/util-deprecate/-/util-deprecate-1.0.2.tgz"
      }
    },
    "require-dir": {
      "version": "https://registry.npmjs.org/require-dir/-/require-dir-0.3.2.tgz",
      "integrity": "sha1-wdXHXp+//eny5rM+OD209ZS1pqk="
    },
    "rimraf": {
      "version": "https://registry.npmjs.org/rimraf/-/rimraf-2.6.1.tgz",
      "integrity": "sha1-wjOOxkPfeht/5cVPqG9XQopV8z0=",
      "requires": {
        "glob": "https://registry.npmjs.org/glob/-/glob-7.1.2.tgz"
      }
    },
    "sb-callsite": {
      "version": "https://registry.npmjs.org/sb-callsite/-/sb-callsite-1.1.2.tgz",
      "integrity": "sha1-KBkftm1k46PukghKlakPy1ECJDs="
    },
    "sb-exec": {
      "version": "https://registry.npmjs.org/sb-exec/-/sb-exec-3.1.0.tgz",
      "integrity": "sha1-NMxlCIoRZ1Lrcg/d7/ZtLC6V7FE=",
      "requires": {
        "consistent-env": "https://registry.npmjs.org/consistent-env/-/consistent-env-1.3.1.tgz",
        "lodash.uniq": "https://registry.npmjs.org/lodash.uniq/-/lodash.uniq-4.5.0.tgz",
        "sb-npm-path": "https://registry.npmjs.org/sb-npm-path/-/sb-npm-path-2.0.0.tgz"
      }
    },
    "sb-fs": {
      "version": "https://registry.npmjs.org/sb-fs/-/sb-fs-3.0.0.tgz",
      "integrity": "sha1-+9zdMBDoChuOJ0kM7zNgZJdCA7g=",
      "requires": {
        "sb-promisify": "https://registry.npmjs.org/sb-promisify/-/sb-promisify-2.0.2.tgz",
        "strip-bom-buf": "https://registry.npmjs.org/strip-bom-buf/-/strip-bom-buf-1.0.0.tgz"
      }
    },
    "sb-memoize": {
      "version": "https://registry.npmjs.org/sb-memoize/-/sb-memoize-1.0.2.tgz",
      "integrity": "sha1-EoN1xi3bnMT/qQXQxaWXwZuurY4="
    },
    "sb-npm-path": {
      "version": "https://registry.npmjs.org/sb-npm-path/-/sb-npm-path-2.0.0.tgz",
      "integrity": "sha1-D2zCzzcd68p9k27Xa31MPMHrPVg=",
      "requires": {
        "sb-memoize": "https://registry.npmjs.org/sb-memoize/-/sb-memoize-1.0.2.tgz",
        "sb-promisify": "https://registry.npmjs.org/sb-promisify/-/sb-promisify-2.0.2.tgz"
      }
    },
    "sb-promisify": {
      "version": "https://registry.npmjs.org/sb-promisify/-/sb-promisify-2.0.2.tgz",
      "integrity": "sha1-QnelR1RIiqlnXYhuNU24lMm9yYE="
    },
    "season": {
      "version": "https://registry.npmjs.org/season/-/season-2.0.0.tgz",
      "integrity": "sha1-EKjXvO4an/ji/qcCji7cfJGNK30=",
      "requires": {
        "cson-safe": "https://registry.npmjs.org/cson-safe/-/cson-safe-0.1.1.tgz",
        "fs-plus": "https://registry.npmjs.org/fs-plus/-/fs-plus-2.10.1.tgz",
        "optimist": "https://registry.npmjs.org/optimist/-/optimist-0.4.0.tgz",
        "underscore-plus": "https://registry.npmjs.org/underscore-plus/-/underscore-plus-1.6.6.tgz"
      }
    },
    "semver": {
      "version": "https://registry.npmjs.org/semver/-/semver-5.3.0.tgz",
      "integrity": "sha1-myzl094C0XxgEq0yaqa00M9U+U8="
    },
    "source-map": {
      "version": "https://registry.npmjs.org/source-map/-/source-map-0.1.11.tgz",
      "integrity": "sha1-Lu8v1lp0wXmICuXuaXXZnOIet7Q=",
      "optional": true,
      "requires": {
        "amdefine": "https://registry.npmjs.org/amdefine/-/amdefine-1.0.1.tgz"
      }
    },
    "string-template": {
      "version": "https://registry.npmjs.org/string-template/-/string-template-0.2.1.tgz",
      "integrity": "sha1-QpMuWYo1LQH8IuwzZ9nYTuxsmt0="
    },
    "string_decoder": {
      "version": "https://registry.npmjs.org/string_decoder/-/string_decoder-0.10.31.tgz",
      "integrity": "sha1-YuIDvEF2bGwoyfyEMB2rHFMQ+pQ="
    },
    "strip-bom-buf": {
      "version": "https://registry.npmjs.org/strip-bom-buf/-/strip-bom-buf-1.0.0.tgz",
      "integrity": "sha1-HLRar1dTD0yvhsf3UXnSyaUd1XI=",
      "requires": {
        "is-utf8": "https://registry.npmjs.org/is-utf8/-/is-utf8-0.2.1.tgz"
      }
    },
    "tunnel": {
      "version": "https://registry.npmjs.org/tunnel/-/tunnel-0.0.2.tgz",
      "integrity": "sha1-8jvNi3p7ioZCYbIIT2b5MZM5YzQ="
    },
    "typedarray": {
      "version": "https://registry.npmjs.org/typedarray/-/typedarray-0.0.6.tgz",
      "integrity": "sha1-hnrHTjhkGHsdPUfZlqeOxciDB3c="
    },
    "underscore": {
      "version": "https://registry.npmjs.org/underscore/-/underscore-1.6.0.tgz",
      "integrity": "sha1-izixDKze9jM3uLJOT/htRa6lKag="
    },
    "underscore-plus": {
      "version": "https://registry.npmjs.org/underscore-plus/-/underscore-plus-1.6.6.tgz",
      "integrity": "sha1-ZezeG9xEGjXYnmUP1w3PE65Dmn0=",
      "requires": {
        "underscore": "https://registry.npmjs.org/underscore/-/underscore-1.6.0.tgz"
      }
    },
    "util-deprecate": {
      "version": "https://registry.npmjs.org/util-deprecate/-/util-deprecate-1.0.2.tgz",
      "integrity": "sha1-RQ1Nyfpw3nMnYvvS1KKJgUGaDM8="
    },
    "virtual-dom": {
      "version": "https://registry.npmjs.org/virtual-dom/-/virtual-dom-2.1.1.tgz",
      "integrity": "sha1-gO2i1IG57eDASRGM78tKBfIdE3U=",
      "requires": {
        "browser-split": "https://registry.npmjs.org/browser-split/-/browser-split-0.0.1.tgz",
        "error": "https://registry.npmjs.org/error/-/error-4.4.0.tgz",
        "ev-store": "https://registry.npmjs.org/ev-store/-/ev-store-7.0.0.tgz",
        "global": "https://registry.npmjs.org/global/-/global-4.3.2.tgz",
        "is-object": "https://registry.npmjs.org/is-object/-/is-object-1.0.1.tgz",
        "next-tick": "https://registry.npmjs.org/next-tick/-/next-tick-0.2.2.tgz",
        "x-is-array": "https://registry.npmjs.org/x-is-array/-/x-is-array-0.1.0.tgz",
        "x-is-string": "https://registry.npmjs.org/x-is-string/-/x-is-string-0.1.0.tgz"
      }
    },
    "wget": {
      "version": "https://registry.npmjs.org/wget/-/wget-0.0.1.tgz",
      "integrity": "sha1-i7ga8LjmC13yYtPIHlc34fSTHlM=",
      "requires": {
        "tunnel": "https://registry.npmjs.org/tunnel/-/tunnel-0.0.2.tgz"
      }
    },
    "wordwrap": {
      "version": "https://registry.npmjs.org/wordwrap/-/wordwrap-0.0.3.tgz",
      "integrity": "sha1-o9XabNXAvAAI03I0u68b7WMFkQc="
    },
    "wrappy": {
      "version": "https://registry.npmjs.org/wrappy/-/wrappy-1.0.2.tgz",
      "integrity": "sha1-tSQ9jz7BqjXxNkYFvA0QNuMKtp8="
    },
    "x-is-array": {
      "version": "https://registry.npmjs.org/x-is-array/-/x-is-array-0.1.0.tgz",
      "integrity": "sha1-3lIBcdR7P0FvVYfWKbidJrEtwp0="
    },
    "x-is-string": {
      "version": "https://registry.npmjs.org/x-is-string/-/x-is-string-0.1.0.tgz",
      "integrity": "sha1-R0tQhlrzpJqcRlfwWs0UVFj3fYI="
    },
    "xtend": {
      "version": "https://registry.npmjs.org/xtend/-/xtend-4.0.1.tgz",
      "integrity": "sha1-pcbVMr5lbiPbgg77lDofBJmNY68="
    },
    "yauzl": {
      "version": "https://registry.npmjs.org/yauzl/-/yauzl-2.4.1.tgz",
      "integrity": "sha1-lSj0QtqxsihOWLQ3m7GU4i4MQAU=",
      "requires": {
        "fd-slicer": "https://registry.npmjs.org/fd-slicer/-/fd-slicer-1.0.1.tgz"
      }
    }
  }
}
